
Microsoft Visual Studio Solution File, Format Version 12.00
# Visual Studio 15
VisualStudioVersion = 15.0.28307.329
MinimumVisualStudioVersion = 10.0.40219.1
Project("{9A19103F-16F7-4668-BE54-9A1E7A4F7556}") = "Quantum2", "Quantum2\Quantum2.csproj", "{C6BC2900-8E9C-477F-83FB-AE9A4A395E98}"
EndProject
Global
	GlobalSection(SolutionConfigurationPlatforms) = preSolution
		Debug|Any CPU = Debug|Any CPU
		Release|Any CPU = Release|Any CPU
	EndGlobalSection
	GlobalSection(ProjectConfigurationPlatforms) = postSolution
		{C6BC2900-8E9C-477F-83FB-AE9A4A395E98}.Debug|Any CPU.ActiveCfg = Debug|Any CPU
		{C6BC2900-8E9C-477F-83FB-AE9A4A395E98}.Debug|Any CPU.Build.0 = Debug|Any CPU
		{C6BC2900-8E9C-477F-83FB-AE9A4A395E98}.Release|Any CPU.ActiveCfg = Release|Any CPU
		{C6BC2900-8E9C-477F-83FB-AE9A4A395E98}.Release|Any CPU.Build.0 = Release|Any CPU
	EndGlobalSection
	GlobalSection(SolutionProperties) = preSolution
		HideSolutionNode = FALSE
	EndGlobalSection
	GlobalSection(ExtensibilityGlobals) = postSolution
		SolutionGuid = {183E2256-004E-460B-9E77-51ABCE286866}
	EndGlobalSection
EndGlobal
